%{
  "avro_ex": {:hex, :avro_ex, "0.1.0-beta.6", "9d811b32702c419641d77bef95fba8153257b5807d3f73ecd485a2edcd623986", [:mix], [{:ecto, "~> 2.1.0 or ~> 2.2.0", [hex: :ecto, repo: "hexpm", optional: false]}, {:poison, "~> 3.1.0", [hex: :poison, repo: "hexpm", optional: false]}], "hexpm", "ba3d209f94d75ed2de516dcefb84e287def9350ab31f8ee9c7971147472de929"},
  "brod": {:hex, :brod, "3.14.0", "f959408e88acd0feca22f6a43ca26e70201c6e5c57dc74b87f08ef65a5e7fe18", [:rebar3], [{:kafka_protocol, "2.3.6", [hex: :kafka_protocol, repo: "hexpm", optional: false]}, {:supervisor3, "1.1.11", [hex: :supervisor3, repo: "hexpm", optional: false]}], "hexpm", "a0153437835b810d93e79c7000f55b0c4bd62c281a3224a2615f6aa72b52d484"},
  "certifi": {:hex, :certifi, "2.4.2", "75424ff0f3baaccfd34b1214184b6ef616d89e420b258bb0a5ea7d7bc628f7f0", [:rebar3], [{:parse_trans, "~>3.3", [hex: :parse_trans, repo: "hexpm", optional: false]}], "hexpm", "01d479edba0569a7b7a2c8bf923feeb6dc6a358edc2965ef69aea9ba288bb243"},
  "connection": {:hex, :connection, "1.0.4", "a1cae72211f0eef17705aaededacac3eb30e6625b04a6117c1b2db6ace7d5976", [:mix], [], "hexpm", "4a0850c9be22a43af9920a71ab17c051f5f7d45c209e40269a1938832510e4d9"},
  "crc32cer": {:hex, :crc32cer, "0.1.4", "a656dff19474d1a1fc5bb0081610ab6b0695b23affc47fa90abeb079a8ef9752", [:rebar3], [], "hexpm", "964735a5422cf65bbc5354860a560fff546f0026f83f8860525bd58ab5bade5d"},
  "db_connection": {:hex, :db_connection, "2.0.1", "09454c6c6e8e4295f400b72580b19f0ac68fda2602e209533285206cb99bee6b", [:mix], [{:connection, "~> 1.0.2", [hex: :connection, repo: "hexpm", optional: false]}], "hexpm", "aad7a9a85a778a798b734a41dcbfb99fbe291e329549a68330e1c5b0865c31f8"},
  "decimal": {:hex, :decimal, "1.5.0", "b0433a36d0e2430e3d50291b1c65f53c37d56f83665b43d79963684865beab68", [:mix], [], "hexpm", "130926580655f34d759dd25f5d723fd233c9bbe0399cde57e2a1adea9ed92e08"},
  "dialyxir": {:hex, :dialyxir, "0.5.1", "b331b091720fd93e878137add264bac4f644e1ddae07a70bf7062c7862c4b952", [:mix], [], "hexpm", "6c32a70ed5d452c6650916555b1f96c79af5fc4bf286997f8b15f213de786f73"},
  "ecto": {:hex, :ecto, "3.0.1", "a26605ee7b243a754e6609d1c23da27bcb22823659b07bf03f9020da92a8e4f4", [:mix], [{:decimal, "~> 1.5", [hex: :decimal, repo: "hexpm", optional: false]}, {:jason, "~> 1.0", [hex: :jason, repo: "hexpm", optional: true]}, {:poison, "~> 2.2 or ~> 3.0", [hex: :poison, repo: "hexpm", optional: true]}], "hexpm", "8a04eb11fd4a1e75443fe5f7e4ea38f77c36b7325ea478a5e7a301f52b236504"},
  "ecto_sql": {:hex, :ecto_sql, "3.0.0", "8d1883376bee02a0e76b5ef797e39d04333c34b9935d0b4785dbf3cbdb571e2a", [:mix], [{:db_connection, "~> 2.0", [hex: :db_connection, repo: "hexpm", optional: false]}, {:ecto, "~> 3.0.0", [hex: :ecto, repo: "hexpm", optional: false]}, {:mariaex, "~> 0.9.0", [hex: :mariaex, repo: "hexpm", optional: true]}, {:postgrex, "~> 0.14.0", [hex: :postgrex, repo: "hexpm", optional: true]}, {:telemetry, "~> 0.2.0", [hex: :telemetry, repo: "hexpm", optional: false]}], "hexpm", "6fa4c5d69c4fd5be1a1a28fdc0fe98c8d9277eeb505c6da8f316d01330fa56e1"},
  "elastix": {:hex, :elastix, "0.5.0", "ff7b9b88c8bf3ba473f7f4bca76c658b2ca9fa59c7988aaea411ed5ed4c4cbd1", [:mix], [{:httpoison, ">= 0.7.0", [hex: :httpoison, repo: "hexpm", optional: false]}, {:poison, "~> 3.1", [hex: :poison, repo: "hexpm", optional: false]}], "hexpm", "41ae7872878577461903c88cf25da0add16839d88e08b80d373116f515b7c9eb"},
  "hackney": {:hex, :hackney, "1.14.3", "b5f6f5dcc4f1fba340762738759209e21914516df6be440d85772542d4a5e412", [:rebar3], [{:certifi, "2.4.2", [hex: :certifi, repo: "hexpm", optional: false]}, {:idna, "6.0.0", [hex: :idna, repo: "hexpm", optional: false]}, {:metrics, "1.0.1", [hex: :metrics, repo: "hexpm", optional: false]}, {:mimerl, "1.0.2", [hex: :mimerl, repo: "hexpm", optional: false]}, {:ssl_verify_fun, "1.1.4", [hex: :ssl_verify_fun, repo: "hexpm", optional: false]}], "hexpm", "ed15491f324aa0e95647dca8ef4340418dac479d1204d57e455d52dcfba3f705"},
  "httpoison": {:hex, :httpoison, "1.4.0", "e0b3c2ad6fa573134e42194d13e925acfa8f89d138bc621ffb7b1989e6d22e73", [:mix], [{:hackney, "~> 1.8", [hex: :hackney, repo: "hexpm", optional: false]}], "hexpm", "37b6f39cb92136ee72276f4bf4da81495e7935d720c3a15daf1553953153e3f7"},
  "idna": {:hex, :idna, "6.0.0", "689c46cbcdf3524c44d5f3dde8001f364cd7608a99556d8fbd8239a5798d4c10", [:rebar3], [{:unicode_util_compat, "0.4.1", [hex: :unicode_util_compat, repo: "hexpm", optional: false]}], "hexpm", "4bdd305eb64e18b0273864920695cb18d7a2021f31a11b9c5fbcd9a253f936e2"},
  "jiffy": {:hex, :jiffy, "0.15.1", "be83b09388da1a6c7e798207c9d6a1c4d71bb95fcc387d37d35861788f49ab97", [:rebar3], [], "hexpm", "607a32324432328a64734cc357781f1ffda96c3425a866dd058392d6e27ae8cc"},
  "kafka_protocol": {:hex, :kafka_protocol, "2.3.6", "df076a8ef49fffae3535c805cb00f3a057ce1895e63398bf8a10569eeeac02f8", [:rebar, :rebar3], [{:crc32cer, "0.1.4", [hex: :crc32cer, repo: "hexpm", optional: false]}, {:snappyer, "1.2.5", [hex: :snappyer, repo: "hexpm", optional: false]}], "hexpm", "7cb061fe46babc7fd269d2c0e5b4dba5d1efc4f7dacce85b17a9cca973106b23"},
  "meck": {:hex, :meck, "0.8.12", "1f7b1a9f5d12c511848fec26bbefd09a21e1432eadb8982d9a8aceb9891a3cf2", [:rebar3], [], "hexpm", "7a6ab35a42e6c846636e8ecd6fdf2cc2e3f09dbee1abb15c1a7c705c10775787"},
  "metrics": {:hex, :metrics, "1.0.1", "25f094dea2cda98213cecc3aeff09e940299d950904393b2a29d191c346a8486", [:rebar3], [], "hexpm", "69b09adddc4f74a40716ae54d140f93beb0fb8978d8636eaded0c31b6f099f16"},
  "mimerl": {:hex, :mimerl, "1.0.2", "993f9b0e084083405ed8252b99460c4f0563e41729ab42d9074fd5e52439be88", [:rebar3], [], "hexpm", "7a4c8e1115a2732a67d7624e28cf6c9f30c66711a9e92928e745c255887ba465"},
  "parse_trans": {:hex, :parse_trans, "3.3.0", "09765507a3c7590a784615cfd421d101aec25098d50b89d7aa1d66646bc571c1", [:rebar3], [], "hexpm", "17ef63abde837ad30680ea7f857dd9e7ced9476cdd7b0394432af4bfc241b960"},
  "poison": {:hex, :poison, "3.1.0", "d9eb636610e096f86f25d9a46f35a9facac35609a7591b3be3326e99a0484665", [:mix], [], "hexpm", "fec8660eb7733ee4117b85f55799fd3833eb769a6df71ccf8903e8dc5447cfce"},
  "snappyer": {:hex, :snappyer, "1.2.5", "9154b9ac84031f0a799f72a4aa87df23ab2193b5631475fa2cdc304382d2df77", [:rebar3], [], "hexpm", "d2adc26a81efd5f138397a38a0bb545188d302972721f8be0de37fa452c8aed7"},
  "ssl_verify_fun": {:hex, :ssl_verify_fun, "1.1.4", "f0eafff810d2041e93f915ef59899c923f4568f4585904d010387ed74988e77b", [:make, :mix, :rebar3], [], "hexpm", "603561dc0fd62f4f2ea9b890f4e20e1a0d388746d6e20557cafb1b16950de88c"},
  "supervisor3": {:hex, :supervisor3, "1.1.11", "d81cdec31d102fde407423e1d05b569572850deebed86b951d5233c387cba80b", [:rebar3], [], "hexpm", "e6c2dedbcabcba24995a218aca12db5e208b80d3252692b22ef0f1a266104b50"},
  "telemetry": {:hex, :telemetry, "0.2.0", "5b40caa3efe4deb30fb12d7cd8ed4f556f6d6bd15c374c2366772161311ce377", [:mix], [], "hexpm", "4e9071b8d1795d0f1ae00584594c3faf430c88821b69e4bd09b02e7840231f32"},
  "unicode_util_compat": {:hex, :unicode_util_compat, "0.4.1", "d869e4c68901dd9531385bb0c8c40444ebf624e60b6962d95952775cac5e90cd", [:rebar3], [], "hexpm", "1d1848c40487cdb0b30e8ed975e34e025860c02e419cb615d255849f3427439d"},
  "uuid": {:hex, :uuid, "1.1.8", "e22fc04499de0de3ed1116b770c7737779f226ceefa0badb3592e64d5cfb4eb9", [:mix], [], "hexpm", "c790593b4c3b601f5dc2378baae7efaf5b3d73c4c6456ba85759905be792f2ac"},
}
